
Microsoft Visual Studio Solution File, Format Version 12.00
# Visual Studio 15
VisualStudioVersion = 15.0.27428.2027
MinimumVisualStudioVersion = 10.0.40219.1
Project("{FAE04EC0-301F-11D3-BF4B-00C04F79EFBC}") = "FluffyServ", "FluffyServ\FluffyServ.csproj", "{AB1DA28E-8250-4D74-A06E-1AC9F32091BC}"
EndProject
Global
	GlobalSection(SolutionConfigurationPlatforms) = preSolution
		Debug|Any CPU = Debug|Any CPU
		Release|Any CPU = Release|Any CPU
	EndGlobalSection
	GlobalSection(ProjectConfigurationPlatforms) = postSolution
		{AB1DA28E-8250-4D74-A06E-1AC9F32091BC}.Debug|Any CPU.ActiveCfg = Debug|Any CPU
		{AB1DA28E-8250-4D74-A06E-1AC9F32091BC}.Debug|Any CPU.Build.0 = Debug|Any CPU
		{AB1DA28E-8250-4D74-A06E-1AC9F32091BC}.Release|Any CPU.ActiveCfg = Release|Any CPU
		{AB1DA28E-8250-4D74-A06E-1AC9F32091BC}.Release|Any CPU.Build.0 = Release|Any CPU
	EndGlobalSection
	GlobalSection(SolutionProperties) = preSolution
		HideSolutionNode = FALSE
	EndGlobalSection
	GlobalSection(ExtensibilityGlobals) = postSolution
		SolutionGuid = {0BA7FB59-265F-4CFC-B59D-B9F593AEF146}
	EndGlobalSection
EndGlobal
